{
  "name": "tdd-seo-validation",
  "lockfileVersion": 3,
  "requires": true,
  "packages": {
    "": {
      "name": "tdd-seo-validation",
      "dependencies": {
        "@adobe/structured-data-validator": "1.7.0",
        "@marbec/web-auto-extractor": "2.2.1"
      }
    },
    "node_modules/@adobe/structured-data-validator": {
      "version": "1.7.0",
      "resolved": "https://registry.npmjs.org/@adobe/structured-data-validator/-/structured-data-validator-1.7.0.tgz",
      "integrity": "sha512-7z4MDfbYUBeMW2XyDzcpEh5FtDYaXmuERBCdmeDOkcsrOuLe0NJb97tAKoqoe+qll17fX9C5V8zgU1z+7hIWMg==",
      "license": "Apache-2.0",
      "engines": {
        "node": ">=18.0.0"
      }
    },
    "node_modules/@marbec/web-auto-extractor": {
      "version": "2.2.1",
      "resolved": "https://registry.npmjs.org/@marbec/web-auto-extractor/-/web-auto-extractor-2.2.1.tgz",
      "integrity": "sha512-xfUFMFH9+XoW/0vOknCcGtHSQMpwuzN/udMB1ZM8lHGOPxMlgPj0mAbpCQxdxlZ/BcgRKprVK4FZOL1+O7EO0A==",
      "license": "MIT",
      "engines": {
        "node": ">=18.0.0"
      }
    }
  }
}
